
Microsoft Visual Studio Solution File, Format Version 12.00
# Visual Studio Version 16
VisualStudioVersion = 16.0.29230.47
MinimumVisualStudioVersion = 10.0.40219.1
Project("{FAE04EC0-301F-11D3-BF4B-00C04F79EFBC}") = "GraphQL-SimpleTalk", "GraphQL-SimpleTalk\GraphQL-SimpleTalk.csproj", "{C0808259-E91C-401A-A3BD-21A992675384}"
EndProject
Global
	GlobalSection(SolutionConfigurationPlatforms) = preSolution
		Debug|Any CPU = Debug|Any CPU
		Release|Any CPU = Release|Any CPU
	EndGlobalSection
	GlobalSection(ProjectConfigurationPlatforms) = postSolution
		{C0808259-E91C-401A-A3BD-21A992675384}.Debug|Any CPU.ActiveCfg = Debug|Any CPU
		{C0808259-E91C-401A-A3BD-21A992675384}.Debug|Any CPU.Build.0 = Debug|Any CPU
		{C0808259-E91C-401A-A3BD-21A992675384}.Release|Any CPU.ActiveCfg = Release|Any CPU
		{C0808259-E91C-401A-A3BD-21A992675384}.Release|Any CPU.Build.0 = Release|Any CPU
	EndGlobalSection
	GlobalSection(SolutionProperties) = preSolution
		HideSolutionNode = FALSE
	EndGlobalSection
	GlobalSection(ExtensibilityGlobals) = postSolution
		SolutionGuid = {FFC1A84A-0D96-46FB-885A-591473C8D9E7}
	EndGlobalSection
EndGlobal
